
Microsoft Visual Studio Solution File, Format Version 12.00
# Visual Studio Version 17
VisualStudioVersion = 17.10.35004.147
MinimumVisualStudioVersion = 10.0.40219.1
Project("{FAE04EC0-301F-11D3-BF4B-00C04F79EFBC}") = "Back-End", "Back-End\Back-End.csproj", "{D713CD21-5D06-4DD1-8F03-857CF426AB05}"
EndProject
Global
	GlobalSection(SolutionConfigurationPlatforms) = preSolution
		Debug|Any CPU = Debug|Any CPU
		Release|Any CPU = Release|Any CPU
	EndGlobalSection
	GlobalSection(ProjectConfigurationPlatforms) = postSolution
		{D713CD21-5D06-4DD1-8F03-857CF426AB05}.Debug|Any CPU.ActiveCfg = Debug|Any CPU
		{D713CD21-5D06-4DD1-8F03-857CF426AB05}.Debug|Any CPU.Build.0 = Debug|Any CPU
		{D713CD21-5D06-4DD1-8F03-857CF426AB05}.Release|Any CPU.ActiveCfg = Release|Any CPU
		{D713CD21-5D06-4DD1-8F03-857CF426AB05}.Release|Any CPU.Build.0 = Release|Any CPU
	EndGlobalSection
	GlobalSection(SolutionProperties) = preSolution
		HideSolutionNode = FALSE
	EndGlobalSection
	GlobalSection(ExtensibilityGlobals) = postSolution
		SolutionGuid = {17A0C5DD-C0E6-47C2-9E60-591674ABB7A7}
	EndGlobalSection
EndGlobal
